
Microsoft Visual Studio Solution File, Format Version 12.00
# Visual Studio Version 17
VisualStudioVersion = 17.11.35222.181
MinimumVisualStudioVersion = 10.0.40219.1
Project("{FAE04EC0-301F-11D3-BF4B-00C04F79EFBC}") = "NZWalkAPI", "NZWalkAPI\NZWalkAPI.csproj", "{8781F502-4E1C-4741-8C2C-9FD78DE7F254}"
EndProject
Global
	GlobalSection(SolutionConfigurationPlatforms) = preSolution
		Debug|Any CPU = Debug|Any CPU
		Release|Any CPU = Release|Any CPU
	EndGlobalSection
	GlobalSection(ProjectConfigurationPlatforms) = postSolution
		{8781F502-4E1C-4741-8C2C-9FD78DE7F254}.Debug|Any CPU.ActiveCfg = Debug|Any CPU
		{8781F502-4E1C-4741-8C2C-9FD78DE7F254}.Debug|Any CPU.Build.0 = Debug|Any CPU
		{8781F502-4E1C-4741-8C2C-9FD78DE7F254}.Release|Any CPU.ActiveCfg = Release|Any CPU
		{8781F502-4E1C-4741-8C2C-9FD78DE7F254}.Release|Any CPU.Build.0 = Release|Any CPU
	EndGlobalSection
	GlobalSection(SolutionProperties) = preSolution
		HideSolutionNode = FALSE
	EndGlobalSection
	GlobalSection(ExtensibilityGlobals) = postSolution
		SolutionGuid = {94F30D26-6661-4C25-8658-718B3310E7BF}
	EndGlobalSection
EndGlobal
